
Microsoft Visual Studio Solution File, Format Version 12.00
# Visual Studio Version 17
VisualStudioVersion = 17.4.33122.133
MinimumVisualStudioVersion = 10.0.40219.1
Project("{FAE04EC0-301F-11D3-BF4B-00C04F79EFBC}") = "Best First Search", "Best First Search\Best First Search.csproj", "{0C77F556-BC1D-4B3A-AB07-D410B2542EA1}"
EndProject
Global
	GlobalSection(SolutionConfigurationPlatforms) = preSolution
		Debug|Any CPU = Debug|Any CPU
		Release|Any CPU = Release|Any CPU
	EndGlobalSection
	GlobalSection(ProjectConfigurationPlatforms) = postSolution
		{0C77F556-BC1D-4B3A-AB07-D410B2542EA1}.Debug|Any CPU.ActiveCfg = Debug|Any CPU
		{0C77F556-BC1D-4B3A-AB07-D410B2542EA1}.Debug|Any CPU.Build.0 = Debug|Any CPU
		{0C77F556-BC1D-4B3A-AB07-D410B2542EA1}.Release|Any CPU.ActiveCfg = Release|Any CPU
		{0C77F556-BC1D-4B3A-AB07-D410B2542EA1}.Release|Any CPU.Build.0 = Release|Any CPU
	EndGlobalSection
	GlobalSection(SolutionProperties) = preSolution
		HideSolutionNode = FALSE
	EndGlobalSection
	GlobalSection(ExtensibilityGlobals) = postSolution
		SolutionGuid = {EABB46A8-9EEE-4D1D-9B05-ED3D3616FDE4}
	EndGlobalSection
EndGlobal
